{
  "name": "@dapp/features-authentication",
  "version": "0.1.0",
  "lockfileVersion": 2,
  "requires": true,
  "packages": {
    "": {
      "name": "@dapp/features-authentication",
      "version": "0.1.0",
      "dependencies": {
        "@dapp/common-candid": "0.1.0",
        "@dapp/features-components": "0.1.0",
        "@dapp/utils": "0.1.0"
      }
    },
    "../../common/assets": {
      "name": "@dapp/common-assets",
      "version": "0.1.0"
    },
    "../../common/candid": {
      "name": "@dapp/common-candid",
      "version": "0.1.0"
    },
    "../../utils": {
      "name": "@dapp/utils",
      "version": "0.1.0",
      "dependencies": {
        "@dapp/common-candid": "0.1.0"
      }
    },
    "../../utils/node_modules/@dapp/common-candid": {
      "resolved": "../../common/candid",
      "link": true
    },
    "../components": {
      "name": "@dapp/features-components",
      "version": "0.1.0",
      "dependencies": {
        "@dapp/common-assets": "0.1.0",
        "@dapp/features-authentication": "0.1.0",
        "@dapp/features-components": "0.1.0",
        "@dapp/features-theme": "0.1.0",
        "@dapp/features-tokens-provider": "0.1.0",
        "@dapp/utils": "0.1.0"
      }
    },
    "../components/node_modules/@dapp/common-assets": {
      "resolved": "../../common/assets",
      "link": true
    },
    "../components/node_modules/@dapp/features-authentication": {
      "resolved": "",
      "link": true
    },
    "../components/node_modules/@dapp/features-components": {
      "resolved": "../components",
      "link": true
    },
    "../components/node_modules/@dapp/features-theme": {
      "resolved": "../theme",
      "link": true
    },
    "../components/node_modules/@dapp/features-tokens-provider": {
      "resolved": "../tokens-provider",
      "link": true
    },
    "../components/node_modules/@dapp/utils": {
      "resolved": "../../utils",
      "link": true
    },
    "../theme": {
      "name": "@dapp/features-theme",
      "version": "0.1.0",
      "dependencies": {
        "@dapp/utils": "0.1.0"
      }
    },
    "../theme/node_modules/@dapp/utils": {
      "resolved": "../../utils",
      "link": true
    },
    "../tokens-provider": {
      "name": "@dapp/features-tokens-provider",
      "version": "0.1.0",
      "dependencies": {
        "@dapp/features-authentication": "0.1.0",
        "@dapp/utils": "0.1.0"
      }
    },
    "../tokens-provider/node_modules/@dapp/features-authentication": {
      "resolved": "",
      "link": true
    },
    "../tokens-provider/node_modules/@dapp/utils": {
      "resolved": "../../utils",
      "link": true
    },
    "node_modules/@dapp/common-candid": {
      "resolved": "../../common/candid",
      "link": true
    },
    "node_modules/@dapp/features-components": {
      "resolved": "../components",
      "link": true
    },
    "node_modules/@dapp/utils": {
      "resolved": "../../utils",
      "link": true
    }
  },
  "dependencies": {
    "@dapp/common-candid": {
      "version": "file:../../common/candid"
    },
    "@dapp/features-components": {
      "version": "file:../components",
      "requires": {
        "@dapp/common-assets": "0.1.0",
        "@dapp/features-authentication": "0.1.0",
        "@dapp/features-components": "0.1.0",
        "@dapp/features-theme": "0.1.0",
        "@dapp/features-tokens-provider": "0.1.0",
        "@dapp/utils": "0.1.0"
      },
      "dependencies": {
        "@dapp/common-assets": {
          "version": "file:../../common/assets"
        },
        "@dapp/features-components": {
          "version": "file:../components",
          "requires": {
            "@dapp/common-assets": "0.1.0",
            "@dapp/features-authentication": "0.1.0",
            "@dapp/features-components": "0.1.0",
            "@dapp/features-theme": "0.1.0",
            "@dapp/features-tokens-provider": "0.1.0",
            "@dapp/utils": "0.1.0"
          },
          "dependencies": {
            "@dapp/common-assets": {
              "version": "file:../../common/assets"
            },
            "@dapp/features-theme": {
              "version": "file:../theme",
              "requires": {
                "@dapp/utils": "0.1.0"
              },
              "dependencies": {
                "@dapp/utils": {
                  "version": "file:../../utils",
                  "requires": {
                    "@dapp/common-candid": "0.1.0"
                  },
                  "dependencies": {
                    "@dapp/common-candid": {
                      "version": "file:../../common/candid"
                    }
                  }
                }
              }
            },
            "@dapp/features-tokens-provider": {
              "version": "file:../tokens-provider",
              "requires": {
                "@dapp/features-authentication": "0.1.0",
                "@dapp/utils": "0.1.0"
              },
              "dependencies": {
                "@dapp/utils": {
                  "version": "file:../../utils",
                  "requires": {
                    "@dapp/common-candid": "0.1.0"
                  },
                  "dependencies": {
                    "@dapp/common-candid": {
                      "version": "file:../../common/candid"
                    }
                  }
                }
              }
            },
            "@dapp/utils": {
              "version": "file:../../utils",
              "requires": {
                "@dapp/common-candid": "0.1.0"
              },
              "dependencies": {
                "@dapp/common-candid": {
                  "version": "file:../../common/candid"
                }
              }
            }
          }
        },
        "@dapp/features-theme": {
          "version": "file:../theme",
          "requires": {
            "@dapp/utils": "0.1.0"
          },
          "dependencies": {
            "@dapp/utils": {
              "version": "file:../../utils",
              "requires": {
                "@dapp/common-candid": "0.1.0"
              },
              "dependencies": {
                "@dapp/common-candid": {
                  "version": "file:../../common/candid"
                }
              }
            }
          }
        },
        "@dapp/features-tokens-provider": {
          "version": "file:../tokens-provider",
          "requires": {
            "@dapp/features-authentication": "0.1.0",
            "@dapp/utils": "0.1.0"
          },
          "dependencies": {
            "@dapp/utils": {
              "version": "file:../../utils",
              "requires": {
                "@dapp/common-candid": "0.1.0"
              },
              "dependencies": {
                "@dapp/common-candid": {
                  "version": "file:../../common/candid"
                }
              }
            }
          }
        },
        "@dapp/utils": {
          "version": "file:../../utils",
          "requires": {
            "@dapp/common-candid": "0.1.0"
          },
          "dependencies": {
            "@dapp/common-candid": {
              "version": "file:../../common/candid"
            }
          }
        }
      }
    },
    "@dapp/utils": {
      "version": "file:../../utils",
      "requires": {
        "@dapp/common-candid": "0.1.0"
      },
      "dependencies": {
        "@dapp/common-candid": {
          "version": "file:../../common/candid"
        }
      }
    }
  }
}
