{
  "name": "@dapp/features-authentication",
  "version": "0.1.0",
  "lockfileVersion": 2,
  "requires": true,
  "packages": {
    "": {
      "name": "@dapp/features-authentication",
      "version": "0.1.0",
      "dependencies": {
        "@dapp/common-candid": "0.1.0",
        "@dapp/utils": "0.1.0"
      }
    },
    "../../common/assets": {
      "name": "@dapp/common-assets",
      "version": "0.1.0",
      "extraneous": true
    },
    "../../common/candid": {
      "name": "@dapp/common-candid",
      "version": "0.1.0"
    },
    "../../utils": {
      "name": "@dapp/utils",
      "version": "0.1.0",
      "dependencies": {
        "@dapp/common-candid": "0.1.0",
        "@dapp/common-types": "0.1.0"
      }
    },
    "../../utils/node_modules/@dapp/common-candid": {
      "resolved": "../../common/candid",
      "link": true
    },
    "../components": {
      "name": "@dapp/features-components",
      "version": "0.1.0",
      "extraneous": true,
      "dependencies": {
        "@dapp/common-assets": "0.1.0",
        "@dapp/common-candid": "0.1.0",
        "@dapp/common-types": "0.1.0",
        "@dapp/features-authentication": "0.1.0",
        "@dapp/features-theme": "0.1.0",
        "@dapp/features-tokens-provider": "0.1.0",
        "@dapp/utils": "0.1.0"
      }
    },
    "../theme": {
      "name": "@dapp/features-theme",
      "version": "0.1.0",
      "extraneous": true,
      "dependencies": {
        "@dapp/utils": "0.1.0"
      }
    },
    "../tokens-provider": {
      "name": "@dapp/features-tokens-provider",
      "version": "0.1.0",
      "extraneous": true,
      "dependencies": {
        "@dapp/features-authentication": "0.1.0",
        "@dapp/utils": "0.1.0"
      }
    },
    "node_modules/@dapp/common-candid": {
      "resolved": "../../common/candid",
      "link": true
    },
    "node_modules/@dapp/utils": {
      "resolved": "../../utils",
      "link": true
    }
  },
  "dependencies": {
    "@dapp/common-candid": {
      "version": "file:../../common/candid"
    },
    "@dapp/utils": {
      "version": "file:../../utils",
      "requires": {
        "@dapp/common-candid": "0.1.0",
        "@dapp/common-types": "0.1.0"
      },
      "dependencies": {
        "@dapp/common-candid": {
          "version": "file:../../common/candid"
        }
      }
    }
  }
}
