{
  "name": "@dapp/features-tokens-provider",
  "version": "0.1.0",
  "lockfileVersion": 3,
  "requires": true,
  "packages": {
    "": {
      "name": "@dapp/features-tokens-provider",
      "version": "0.1.0",
      "dependencies": {
        "@dapp/features-authentication": "0.1.0",
        "@dapp/utils": "0.1.0"
      },
      "devDependencies": {
        "@types/json-bigint": "^1.0.4"
      }
    },
    "../../common/candid": {
      "name": "@dapp/common-candid",
      "version": "0.1.0"
    },
    "../../common/types": {
      "name": "@dapp/common-types",
      "version": "0.1.0"
    },
    "../../utils": {
      "name": "@dapp/utils",
      "version": "0.1.0",
      "dependencies": {
        "@dapp/common-candid": "0.1.0",
        "@dapp/common-types": "0.1.0"
      }
    },
    "../../utils/node_modules/@dapp/common-candid": {
      "resolved": "../../common/candid",
      "link": true
    },
    "../../utils/node_modules/@dapp/common-types": {
      "resolved": "../../common/types",
      "link": true
    },
    "../authentication": {
      "name": "@dapp/features-authentication",
      "version": "0.1.0",
      "dependencies": {
        "@dapp/common-candid": "0.1.0",
        "@dapp/utils": "0.1.0"
      }
    },
    "../authentication/node_modules/@dapp/common-candid": {
      "resolved": "../../common/candid",
      "link": true
    },
    "../authentication/node_modules/@dapp/utils": {
      "resolved": "../../utils",
      "link": true
    },
    "node_modules/@dapp/features-authentication": {
      "resolved": "../authentication",
      "link": true
    },
    "node_modules/@dapp/utils": {
      "resolved": "../../utils",
      "link": true
    },
    "node_modules/@types/json-bigint": {
      "version": "1.0.4",
      "resolved": "https://registry.npmjs.org/@types/json-bigint/-/json-bigint-1.0.4.tgz",
      "integrity": "sha512-ydHooXLbOmxBbubnA7Eh+RpBzuaIiQjh8WGJYQB50JFGFrdxW7JzVlyEV7fAXw0T2sqJ1ysTneJbiyNLqZRAag==",
      "dev": true
    }
  }
}
